# THIS IS AN AUTOGENERATED FILE. DO NOT EDIT THIS FILE DIRECTLY.
# yarn lockfile v1


markdown-table@^3.0.2:
  version "3.0.2"
  resolved "https://registry.yarnpkg.com/markdown-table/-/markdown-table-3.0.2.tgz#9b59eb2c1b22fe71954a65ff512887065a7bb57c"
  integrity sha512-y8j3a5/DkJCmS5x4dMCQL+OR0+2EAq3DOtio1COSHsmW2BGXnNCK3v12hJt1LrUz5iZH5g0LmuYOjDdI+czghA==
